
Microsoft Visual Studio Solution File, Format Version 12.00
# Visual Studio Version 16
VisualStudioVersion = 16.0.30907.101
MinimumVisualStudioVersion = 10.0.40219.1
Project("{FAE04EC0-301F-11D3-BF4B-00C04F79EFBC}") = "Dragon E-Business", "Dragon E-Business\Dragon E-Business.csproj", "{03C5C5EB-3909-4243-9A8B-F6BD247303FF}"
EndProject
Global
	GlobalSection(SolutionConfigurationPlatforms) = preSolution
		Debug|Any CPU = Debug|Any CPU
		Release|Any CPU = Release|Any CPU
	EndGlobalSection
	GlobalSection(ProjectConfigurationPlatforms) = postSolution
		{03C5C5EB-3909-4243-9A8B-F6BD247303FF}.Debug|Any CPU.ActiveCfg = Debug|Any CPU
		{03C5C5EB-3909-4243-9A8B-F6BD247303FF}.Debug|Any CPU.Build.0 = Debug|Any CPU
		{03C5C5EB-3909-4243-9A8B-F6BD247303FF}.Release|Any CPU.ActiveCfg = Release|Any CPU
		{03C5C5EB-3909-4243-9A8B-F6BD247303FF}.Release|Any CPU.Build.0 = Release|Any CPU
	EndGlobalSection
	GlobalSection(SolutionProperties) = preSolution
		HideSolutionNode = FALSE
	EndGlobalSection
	GlobalSection(ExtensibilityGlobals) = postSolution
		SolutionGuid = {56EA3AFB-747A-42EA-B9FC-14DBE506EE47}
	EndGlobalSection
EndGlobal
